
Microsoft Visual Studio Solution File, Format Version 12.00
# Visual Studio 15
VisualStudioVersion = 15.0.27703.2047
MinimumVisualStudioVersion = 10.0.40219.1
Project("{FAE04EC0-301F-11D3-BF4B-00C04F79EFBC}") = "CSAY RESERVOIR", "CSAY RESERVOIR\CSAY RESERVOIR.csproj", "{70CB9E20-F2BA-4FE4-A3A0-9E3A336602CE}"
EndProject
Global
	GlobalSection(SolutionConfigurationPlatforms) = preSolution
		Debug|Any CPU = Debug|Any CPU
		Release|Any CPU = Release|Any CPU
	EndGlobalSection
	GlobalSection(ProjectConfigurationPlatforms) = postSolution
		{70CB9E20-F2BA-4FE4-A3A0-9E3A336602CE}.Debug|Any CPU.ActiveCfg = Debug|Any CPU
		{70CB9E20-F2BA-4FE4-A3A0-9E3A336602CE}.Debug|Any CPU.Build.0 = Debug|Any CPU
		{70CB9E20-F2BA-4FE4-A3A0-9E3A336602CE}.Release|Any CPU.ActiveCfg = Release|Any CPU
		{70CB9E20-F2BA-4FE4-A3A0-9E3A336602CE}.Release|Any CPU.Build.0 = Release|Any CPU
	EndGlobalSection
	GlobalSection(SolutionProperties) = preSolution
		HideSolutionNode = FALSE
	EndGlobalSection
	GlobalSection(ExtensibilityGlobals) = postSolution
		SolutionGuid = {5E4E820E-73EB-4F8C-94DF-6F2D47042402}
	EndGlobalSection
EndGlobal
